{
  "pins" : [
    {
      "identity" : "mirrordiffkit",
      "kind" : "remoteSourceControl",
      "location" : "https://github.com/Kuniwak/MirrorDiffKit.git",
      "state" : {
        "revision" : "6d721f86bbc91621b382f5a6a5a2ebd135c256e5",
        "version" : "6.0.0"
      }
    },
    {
      "identity" : "swift-logger",
      "kind" : "remoteSourceControl",
      "location" : "https://github.com/Kuniwak/swift-logger.git",
      "state" : {
        "revision" : "109a9f7a47b40d8d82afa8a692472217c4da55a1",
        "version" : "2.0.0"
      }
    }
  ],
  "version" : 2
}
